{
  "name": "pattern-collector-anyjs-matches",
  "version": "1.3.9",
  "lockfileVersion": 3,
  "requires": true,
  "packages": {
    "": {
      "name": "pattern-collector-anyjs-matches",
      "version": "1.3.9",
      "dependencies": {
        "pattern-collector": "^1.5.20"
      }
    },
    "node_modules/pattern-collector": {
      "version": "1.5.20",
      "resolved": "https://registry.npmjs.org/pattern-collector/-/pattern-collector-1.5.20.tgz",
      "integrity": "sha512-uHg7mow2qAGo78giXCKbfHoJtJ6xQamL6o+Cs4v3zGv7UfYpPC6//X3tmq09QJy6vmf+axpjviVLa8dM5ccGCA=="
    }
  }
}
